
Microsoft Visual Studio Solution File, Format Version 12.00
# Visual Studio Version 17
VisualStudioVersion = 17.6.33815.320
MinimumVisualStudioVersion = 10.0.40219.1
Project("{FAE04EC0-301F-11D3-BF4B-00C04F79EFBC}") = "SerialportMvp", "SerialportMvp\SerialportMvp.csproj", "{A819C2BE-5457-462E-9BA6-09BD293F95C7}"
EndProject
Global
	GlobalSection(SolutionConfigurationPlatforms) = preSolution
		Debug|Any CPU = Debug|Any CPU
		Release|Any CPU = Release|Any CPU
	EndGlobalSection
	GlobalSection(ProjectConfigurationPlatforms) = postSolution
		{A819C2BE-5457-462E-9BA6-09BD293F95C7}.Debug|Any CPU.ActiveCfg = Debug|Any CPU
		{A819C2BE-5457-462E-9BA6-09BD293F95C7}.Debug|Any CPU.Build.0 = Debug|Any CPU
		{A819C2BE-5457-462E-9BA6-09BD293F95C7}.Release|Any CPU.ActiveCfg = Release|Any CPU
		{A819C2BE-5457-462E-9BA6-09BD293F95C7}.Release|Any CPU.Build.0 = Release|Any CPU
	EndGlobalSection
	GlobalSection(SolutionProperties) = preSolution
		HideSolutionNode = FALSE
	EndGlobalSection
	GlobalSection(ExtensibilityGlobals) = postSolution
		SolutionGuid = {7368D797-E91D-46C8-B6C1-404FA8012C63}
	EndGlobalSection
EndGlobal
